// !$*UTF8*$!
{
	archiveVersion = 1;
	classes = {
	};
	objectVersion = 47;
	objects = {

/* Begin PBXBuildFile section */
		920FAD0A1C35D1C800043D16 /* AppDelegate.swift in Sources */ = {isa = PBXBuildFile; fileRef = 920FAD091C35D1C800043D16 /* AppDelegate.swift */; };
		920FAD0C1C35D1C800043D16 /* ViewController.swift in Sources */ = {isa = PBXBuildFile; fileRef = 920FAD0B1C35D1C800043D16 /* ViewController.swift */; };
		920FAD0F1C35D1C800043D16 /* Main.storyboard in Resources */ = {isa = PBXBuildFile; fileRef = 920FAD0D1C35D1C800043D16 /* Main.storyboard */; };
		920FAD111C35D1C800043D16 /* Assets.xcassets in Resources */ = {isa = PBXBuildFile; fileRef = 920FAD101C35D1C800043D16 /* Assets.xcassets */; };
		920FAD141C35D1C800043D16 /* LaunchScreen.storyboard in Resources */ = {isa = PBXBuildFile; fileRef = 920FAD121C35D1C800043D16 /* LaunchScreen.storyboard */; };
		920FAD1F1C35D1C800043D16 /* SwiftyHUDTests.swift in Sources */ = {isa = PBXBuildFile; fileRef = 920FAD1E1C35D1C800043D16 /* SwiftyHUDTests.swift */; };
		920FAD2A1C35D1C800043D16 /* SwiftyHUDUITests.swift in Sources */ = {isa = PBXBuildFile; fileRef = 920FAD291C35D1C800043D16 /* SwiftyHUDUITests.swift */; };
		920FAD511C35D23800043D16 /* Enums.swift in Sources */ = {isa = PBXBuildFile; fileRef = 920FAD491C35D23800043D16 /* Enums.swift */; };
		920FAD521C35D23800043D16 /* Extensions.swift in Sources */ = {isa = PBXBuildFile; fileRef = 920FAD4A1C35D23800043D16 /* Extensions.swift */; };
		920FAD531C35D23800043D16 /* HudOptions.swift in Sources */ = {isa = PBXBuildFile; fileRef = 920FAD4B1C35D23800043D16 /* HudOptions.swift */; };
		920FAD541C35D23800043D16 /* IndefiniteAnimatedView.swift in Sources */ = {isa = PBXBuildFile; fileRef = 920FAD4C1C35D23800043D16 /* IndefiniteAnimatedView.swift */; };
		920FAD551C35D23800043D16 /* ProgressHUD.swift in Sources */ = {isa = PBXBuildFile; fileRef = 920FAD4D1C35D23800043D16 /* ProgressHUD.swift */; };
		920FAD561C35D23800043D16 /* SwiftyHUDView.swift in Sources */ = {isa = PBXBuildFile; fileRef = 920FAD4E1C35D23800043D16 /* SwiftyHUDView.swift */; };
		920FAD571C35D23800043D16 /* RadialGradientLayer.swift in Sources */ = {isa = PBXBuildFile; fileRef = 920FAD4F1C35D23800043D16 /* RadialGradientLayer.swift */; };
		920FAD581C35D23800043D16 /* SVProgressHud.swift in Sources */ = {isa = PBXBuildFile; fileRef = 920FAD501C35D23800043D16 /* SVProgressHud.swift */; };
		920FAD5A1C35D29600043D16 /* SwiftyHUDView.xib in Resources */ = {isa = PBXBuildFile; fileRef = 920FAD591C35D29600043D16 /* SwiftyHUDView.xib */; };
		920FAD5C1C35D92700043D16 /* SVProgressHUD.bundle in Resources */ = {isa = PBXBuildFile; fileRef = 920FAD5B1C35D92700043D16 /* SVProgressHUD.bundle */; };
		9274CCD31C3992120004E20C /* SwiftyHUD.swift in Sources */ = {isa = PBXBuildFile; fileRef = 9274CCD21C3992120004E20C /* SwiftyHUD.swift */; };
/* End PBXBuildFile section */

/* Begin PBXContainerItemProxy section */
		920FAD1B1C35D1C800043D16 /* PBXContainerItemProxy */ = {
			isa = PBXContainerItemProxy;
			containerPortal = 920FACFE1C35D1C800043D16 /* Project object */;
			proxyType = 1;
			remoteGlobalIDString = 920FAD051C35D1C800043D16;
			remoteInfo = SwiftyHUD;
		};
		920FAD261C35D1C800043D16 /* PBXContainerItemProxy */ = {
			isa = PBXContainerItemProxy;
			containerPortal = 920FACFE1C35D1C800043D16 /* Project object */;
			proxyType = 1;
			remoteGlobalIDString = 920FAD051C35D1C800043D16;
			remoteInfo = SwiftyHUD;
		};
/* End PBXContainerItemProxy section */

/* Begin PBXFileReference section */
		920FAD061C35D1C800043D16 /* SwiftyHUD.app */ = {isa = PBXFileReference; explicitFileType = wrapper.application; includeInIndex = 0; path = SwiftyHUD.app; sourceTree = BUILT_PRODUCTS_DIR; };
		920FAD091C35D1C800043D16 /* AppDelegate.swift */ = {isa = PBXFileReference; lastKnownFileType = sourcecode.swift; path = AppDelegate.swift; sourceTree = "<group>"; };
		920FAD0B1C35D1C800043D16 /* ViewController.swift */ = {isa = PBXFileReference; lastKnownFileType = sourcecode.swift; path = ViewController.swift; sourceTree = "<group>"; };
		920FAD0E1C35D1C800043D16 /* Base */ = {isa = PBXFileReference; lastKnownFileType = file.storyboard; name = Base; path = Base.lproj/Main.storyboard; sourceTree = "<group>"; };
		920FAD101C35D1C800043D16 /* Assets.xcassets */ = {isa = PBXFileReference; lastKnownFileType = folder.assetcatalog; path = Assets.xcassets; sourceTree = "<group>"; };
		920FAD131C35D1C800043D16 /* Base */ = {isa = PBXFileReference; lastKnownFileType = file.storyboard; name = Base; path = Base.lproj/LaunchScreen.storyboard; sourceTree = "<group>"; };
		920FAD151C35D1C800043D16 /* Info.plist */ = {isa = PBXFileReference; lastKnownFileType = text.plist.xml; path = Info.plist; sourceTree = "<group>"; };
		920FAD1A1C35D1C800043D16 /* SwiftyHUDTests.xctest */ = {isa = PBXFileReference; explicitFileType = wrapper.cfbundle; includeInIndex = 0; path = SwiftyHUDTests.xctest; sourceTree = BUILT_PRODUCTS_DIR; };
		920FAD1E1C35D1C800043D16 /* SwiftyHUDTests.swift */ = {isa = PBXFileReference; lastKnownFileType = sourcecode.swift; path = SwiftyHUDTests.swift; sourceTree = "<group>"; };
		920FAD201C35D1C800043D16 /* Info.plist */ = {isa = PBXFileReference; lastKnownFileType = text.plist.xml; path = Info.plist; sourceTree = "<group>"; };
		920FAD251C35D1C800043D16 /* SwiftyHUDUITests.xctest */ = {isa = PBXFileReference; explicitFileType = wrapper.cfbundle; includeInIndex = 0; path = SwiftyHUDUITests.xctest; sourceTree = BUILT_PRODUCTS_DIR; };
		920FAD291C35D1C800043D16 /* SwiftyHUDUITests.swift */ = {isa = PBXFileReference; lastKnownFileType = sourcecode.swift; path = SwiftyHUDUITests.swift; sourceTree = "<group>"; };
		920FAD2B1C35D1C800043D16 /* Info.plist */ = {isa = PBXFileReference; lastKnownFileType = text.plist.xml; path = Info.plist; sourceTree = "<group>"; };
		920FAD491C35D23800043D16 /* Enums.swift */ = {isa = PBXFileReference; fileEncoding = 4; lastKnownFileType = sourcecode.swift; path = Enums.swift; sourceTree = "<group>"; };
		920FAD4A1C35D23800043D16 /* Extensions.swift */ = {isa = PBXFileReference; fileEncoding = 4; lastKnownFileType = sourcecode.swift; path = Extensions.swift; sourceTree = "<group>"; };
		920FAD4B1C35D23800043D16 /* HudOptions.swift */ = {isa = PBXFileReference; fileEncoding = 4; lastKnownFileType = sourcecode.swift; path = HudOptions.swift; sourceTree = "<group>"; };
		920FAD4C1C35D23800043D16 /* IndefiniteAnimatedView.swift */ = {isa = PBXFileReference; fileEncoding = 4; lastKnownFileType = sourcecode.swift; path = IndefiniteAnimatedView.swift; sourceTree = "<group>"; };
		920FAD4D1C35D23800043D16 /* ProgressHUD.swift */ = {isa = PBXFileReference; fileEncoding = 4; lastKnownFileType = sourcecode.swift; path = ProgressHUD.swift; sourceTree = "<group>"; };
		920FAD4E1C35D23800043D16 /* SwiftyHUDView.swift */ = {isa = PBXFileReference; fileEncoding = 4; lastKnownFileType = sourcecode.swift; path = SwiftyHUDView.swift; sourceTree = "<group>"; };
		920FAD4F1C35D23800043D16 /* RadialGradientLayer.swift */ = {isa = PBXFileReference; fileEncoding = 4; lastKnownFileType = sourcecode.swift; path = RadialGradientLayer.swift; sourceTree = "<group>"; };
		920FAD501C35D23800043D16 /* SVProgressHud.swift */ = {isa = PBXFileReference; fileEncoding = 4; lastKnownFileType = sourcecode.swift; path = SVProgressHud.swift; sourceTree = "<group>"; };
		920FAD591C35D29600043D16 /* SwiftyHUDView.xib */ = {isa = PBXFileReference; fileEncoding = 4; lastKnownFileType = file.xib; path = SwiftyHUDView.xib; sourceTree = "<group>"; };
		920FAD5B1C35D92700043D16 /* SVProgressHUD.bundle */ = {isa = PBXFileReference; lastKnownFileType = "wrapper.plug-in"; path = SVProgressHUD.bundle; sourceTree = "<group>"; };
		9274CCD21C3992120004E20C /* SwiftyHUD.swift */ = {isa = PBXFileReference; fileEncoding = 4; lastKnownFileType = sourcecode.swift; path = SwiftyHUD.swift; sourceTree = "<group>"; };
/* End PBXFileReference section */

/* Begin PBXFrameworksBuildPhase section */
		920FAD031C35D1C800043D16 /* Frameworks */ = {
			isa = PBXFrameworksBuildPhase;
			buildActionMask = 2147483647;
			files = (
			);
			runOnlyForDeploymentPostprocessing = 0;
		};
		920FAD171C35D1C800043D16 /* Frameworks */ = {
			isa = PBXFrameworksBuildPhase;
			buildActionMask = 2147483647;
			files = (
			);
			runOnlyForDeploymentPostprocessing = 0;
		};
		920FAD221C35D1C800043D16 /* Frameworks */ = {
			isa = PBXFrameworksBuildPhase;
			buildActionMask = 2147483647;
			files = (
			);
			runOnlyForDeploymentPostprocessing = 0;
		};
/* End PBXFrameworksBuildPhase section */

/* Begin PBXGroup section */
		920FACFD1C35D1C800043D16 = {
			isa = PBXGroup;
			children = (
				920FAD081C35D1C800043D16 /* SwiftyHUD */,
				920FAD1D1C35D1C800043D16 /* SwiftyHUDTests */,
				920FAD281C35D1C800043D16 /* SwiftyHUDUITests */,
				920FAD071C35D1C800043D16 /* Products */,
			);
			sourceTree = "<group>";
		};
		920FAD071C35D1C800043D16 /* Products */ = {
			isa = PBXGroup;
			children = (
				920FAD061C35D1C800043D16 /* SwiftyHUD.app */,
				920FAD1A1C35D1C800043D16 /* SwiftyHUDTests.xctest */,
				920FAD251C35D1C800043D16 /* SwiftyHUDUITests.xctest */,
			);
			name = Products;
			sourceTree = "<group>";
		};
		920FAD081C35D1C800043D16 /* SwiftyHUD */ = {
			isa = PBXGroup;
			children = (
				920FAD481C35D23800043D16 /* SwiftyHUDModule */,
				920FAD091C35D1C800043D16 /* AppDelegate.swift */,
				920FAD0B1C35D1C800043D16 /* ViewController.swift */,
				920FAD0D1C35D1C800043D16 /* Main.storyboard */,
				920FAD101C35D1C800043D16 /* Assets.xcassets */,
				920FAD121C35D1C800043D16 /* LaunchScreen.storyboard */,
				920FAD151C35D1C800043D16 /* Info.plist */,
			);
			path = SwiftyHUD;
			sourceTree = "<group>";
		};
		920FAD1D1C35D1C800043D16 /* SwiftyHUDTests */ = {
			isa = PBXGroup;
			children = (
				920FAD1E1C35D1C800043D16 /* SwiftyHUDTests.swift */,
				920FAD201C35D1C800043D16 /* Info.plist */,
			);
			path = SwiftyHUDTests;
			sourceTree = "<group>";
		};
		920FAD281C35D1C800043D16 /* SwiftyHUDUITests */ = {
			isa = PBXGroup;
			children = (
				920FAD291C35D1C800043D16 /* SwiftyHUDUITests.swift */,
				920FAD2B1C35D1C800043D16 /* Info.plist */,
			);
			path = SwiftyHUDUITests;
			sourceTree = "<group>";
		};
		920FAD481C35D23800043D16 /* SwiftyHUDModule */ = {
			isa = PBXGroup;
			children = (
				920FAD491C35D23800043D16 /* Enums.swift */,
				920FAD4A1C35D23800043D16 /* Extensions.swift */,
				920FAD4C1C35D23800043D16 /* IndefiniteAnimatedView.swift */,
				920FAD4D1C35D23800043D16 /* ProgressHUD.swift */,
				920FAD501C35D23800043D16 /* SVProgressHud.swift */,
				920FAD4F1C35D23800043D16 /* RadialGradientLayer.swift */,
				920FAD4B1C35D23800043D16 /* HudOptions.swift */,
				920FAD4E1C35D23800043D16 /* SwiftyHUDView.swift */,
				9274CCD21C3992120004E20C /* SwiftyHUD.swift */,
				920FAD591C35D29600043D16 /* SwiftyHUDView.xib */,
				920FAD5B1C35D92700043D16 /* SVProgressHUD.bundle */,
			);
			path = SwiftyHUDModule;
			sourceTree = "<group>";
		};
/* End PBXGroup section */

/* Begin PBXNativeTarget section */
		920FAD051C35D1C800043D16 /* SwiftyHUD */ = {
			isa = PBXNativeTarget;
			buildConfigurationList = 920FAD2E1C35D1C800043D16 /* Build configuration list for PBXNativeTarget "SwiftyHUD" */;
			buildPhases = (
				920FAD021C35D1C800043D16 /* Sources */,
				920FAD031C35D1C800043D16 /* Frameworks */,
				920FAD041C35D1C800043D16 /* Resources */,
			);
			buildRules = (
			);
			dependencies = (
			);
			name = SwiftyHUD;
			productName = SwiftyHUD;
			productReference = 920FAD061C35D1C800043D16 /* SwiftyHUD.app */;
			productType = "com.apple.product-type.application";
		};
		920FAD191C35D1C800043D16 /* SwiftyHUDTests */ = {
			isa = PBXNativeTarget;
			buildConfigurationList = 920FAD311C35D1C800043D16 /* Build configuration list for PBXNativeTarget "SwiftyHUDTests" */;
			buildPhases = (
				920FAD161C35D1C800043D16 /* Sources */,
				920FAD171C35D1C800043D16 /* Frameworks */,
				920FAD181C35D1C800043D16 /* Resources */,
			);
			buildRules = (
			);
			dependencies = (
				920FAD1C1C35D1C800043D16 /* PBXTargetDependency */,
			);
			name = SwiftyHUDTests;
			productName = SwiftyHUDTests;
			productReference = 920FAD1A1C35D1C800043D16 /* SwiftyHUDTests.xctest */;
			productType = "com.apple.product-type.bundle.unit-test";
		};
		920FAD241C35D1C800043D16 /* SwiftyHUDUITests */ = {
			isa = PBXNativeTarget;
			buildConfigurationList = 920FAD341C35D1C800043D16 /* Build configuration list for PBXNativeTarget "SwiftyHUDUITests" */;
			buildPhases = (
				920FAD211C35D1C800043D16 /* Sources */,
				920FAD221C35D1C800043D16 /* Frameworks */,
				920FAD231C35D1C800043D16 /* Resources */,
			);
			buildRules = (
			);
			dependencies = (
				920FAD271C35D1C800043D16 /* PBXTargetDependency */,
			);
			name = SwiftyHUDUITests;
			productName = SwiftyHUDUITests;
			productReference = 920FAD251C35D1C800043D16 /* SwiftyHUDUITests.xctest */;
			productType = "com.apple.product-type.bundle.ui-testing";
		};
/* End PBXNativeTarget section */

/* Begin PBXProject section */
		920FACFE1C35D1C800043D16 /* Project object */ = {
			isa = PBXProject;
			attributes = {
				LastSwiftUpdateCheck = 0720;
				LastUpgradeCheck = 0720;
				ORGANIZATIONNAME = PeeJWeeJ;
				TargetAttributes = {
					920FAD051C35D1C800043D16 = {
						CreatedOnToolsVersion = 7.2;
					};
					920FAD191C35D1C800043D16 = {
						CreatedOnToolsVersion = 7.2;
						TestTargetID = 920FAD051C35D1C800043D16;
					};
					920FAD241C35D1C800043D16 = {
						CreatedOnToolsVersion = 7.2;
						TestTargetID = 920FAD051C35D1C800043D16;
					};
				};
			};
			buildConfigurationList = 920FAD011C35D1C800043D16 /* Build configuration list for PBXProject "SwiftyHUD" */;
			compatibilityVersion = "Xcode 6.3";
			developmentRegion = English;
			hasScannedForEncodings = 0;
			knownRegions = (
				en,
				Base,
			);
			mainGroup = 920FACFD1C35D1C800043D16;
			productRefGroup = 920FAD071C35D1C800043D16 /* Products */;
			projectDirPath = "";
			projectRoot = "";
			targets = (
				920FAD051C35D1C800043D16 /* SwiftyHUD */,
				920FAD191C35D1C800043D16 /* SwiftyHUDTests */,
				920FAD241C35D1C800043D16 /* SwiftyHUDUITests */,
			);
		};
/* End PBXProject section */

/* Begin PBXResourcesBuildPhase section */
		920FAD041C35D1C800043D16 /* Resources */ = {
			isa = PBXResourcesBuildPhase;
			buildActionMask = 2147483647;
			files = (
				920FAD5C1C35D92700043D16 /* SVProgressHUD.bundle in Resources */,
				920FAD141C35D1C800043D16 /* LaunchScreen.storyboard in Resources */,
				920FAD5A1C35D29600043D16 /* SwiftyHUDView.xib in Resources */,
				920FAD111C35D1C800043D16 /* Assets.xcassets in Resources */,
				920FAD0F1C35D1C800043D16 /* Main.storyboard in Resources */,
			);
			runOnlyForDeploymentPostprocessing = 0;
		};
		920FAD181C35D1C800043D16 /* Resources */ = {
			isa = PBXResourcesBuildPhase;
			buildActionMask = 2147483647;
			files = (
			);
			runOnlyForDeploymentPostprocessing = 0;
		};
		920FAD231C35D1C800043D16 /* Resources */ = {
			isa = PBXResourcesBuildPhase;
			buildActionMask = 2147483647;
			files = (
			);
			runOnlyForDeploymentPostprocessing = 0;
		};
/* End PBXResourcesBuildPhase section */

/* Begin PBXSourcesBuildPhase section */
		920FAD021C35D1C800043D16 /* Sources */ = {
			isa = PBXSourcesBuildPhase;
			buildActionMask = 2147483647;
			files = (
				920FAD0C1C35D1C800043D16 /* ViewController.swift in Sources */,
				920FAD571C35D23800043D16 /* RadialGradientLayer.swift in Sources */,
				920FAD531C35D23800043D16 /* HudOptions.swift in Sources */,
				920FAD511C35D23800043D16 /* Enums.swift in Sources */,
				920FAD0A1C35D1C800043D16 /* AppDelegate.swift in Sources */,
				920FAD541C35D23800043D16 /* IndefiniteAnimatedView.swift in Sources */,
				9274CCD31C3992120004E20C /* SwiftyHUD.swift in Sources */,
				920FAD561C35D23800043D16 /* SwiftyHUDView.swift in Sources */,
				920FAD581C35D23800043D16 /* SVProgressHud.swift in Sources */,
				920FAD521C35D23800043D16 /* Extensions.swift in Sources */,
				920FAD551C35D23800043D16 /* ProgressHUD.swift in Sources */,
			);
			runOnlyForDeploymentPostprocessing = 0;
		};
		920FAD161C35D1C800043D16 /* Sources */ = {
			isa = PBXSourcesBuildPhase;
			buildActionMask = 2147483647;
			files = (
				920FAD1F1C35D1C800043D16 /* SwiftyHUDTests.swift in Sources */,
			);
			runOnlyForDeploymentPostprocessing = 0;
		};
		920FAD211C35D1C800043D16 /* Sources */ = {
			isa = PBXSourcesBuildPhase;
			buildActionMask = 2147483647;
			files = (
				920FAD2A1C35D1C800043D16 /* SwiftyHUDUITests.swift in Sources */,
			);
			runOnlyForDeploymentPostprocessing = 0;
		};
/* End PBXSourcesBuildPhase section */

/* Begin PBXTargetDependency section */
		920FAD1C1C35D1C800043D16 /* PBXTargetDependency */ = {
			isa = PBXTargetDependency;
			target = 920FAD051C35D1C800043D16 /* SwiftyHUD */;
			targetProxy = 920FAD1B1C35D1C800043D16 /* PBXContainerItemProxy */;
		};
		920FAD271C35D1C800043D16 /* PBXTargetDependency */ = {
			isa = PBXTargetDependency;
			target = 920FAD051C35D1C800043D16 /* SwiftyHUD */;
			targetProxy = 920FAD261C35D1C800043D16 /* PBXContainerItemProxy */;
		};
/* End PBXTargetDependency section */

/* Begin PBXVariantGroup section */
		920FAD0D1C35D1C800043D16 /* Main.storyboard */ = {
			isa = PBXVariantGroup;
			children = (
				920FAD0E1C35D1C800043D16 /* Base */,
			);
			name = Main.storyboard;
			sourceTree = "<group>";
		};
		920FAD121C35D1C800043D16 /* LaunchScreen.storyboard */ = {
			isa = PBXVariantGroup;
			children = (
				920FAD131C35D1C800043D16 /* Base */,
			);
			name = LaunchScreen.storyboard;
			sourceTree = "<group>";
		};
/* End PBXVariantGroup section */

/* Begin XCBuildConfiguration section */
		920FAD2C1C35D1C800043D16 /* Debug */ = {
			isa = XCBuildConfiguration;
			buildSettings = {
				ALWAYS_SEARCH_USER_PATHS = NO;
				APPLICATION_EXTENSION_API_ONLY = NO;
				CLANG_CXX_LANGUAGE_STANDARD = "gnu++0x";
				CLANG_CXX_LIBRARY = "libc++";
				CLANG_ENABLE_MODULES = YES;
				CLANG_ENABLE_OBJC_ARC = YES;
				CLANG_WARN_BOOL_CONVERSION = YES;
				CLANG_WARN_CONSTANT_CONVERSION = YES;
				CLANG_WARN_DIRECT_OBJC_ISA_USAGE = YES_ERROR;
				CLANG_WARN_EMPTY_BODY = YES;
				CLANG_WARN_ENUM_CONVERSION = YES;
				CLANG_WARN_INT_CONVERSION = YES;
				CLANG_WARN_OBJC_ROOT_CLASS = YES_ERROR;
				CLANG_WARN_UNREACHABLE_CODE = YES;
				CLANG_WARN__DUPLICATE_METHOD_MATCH = YES;
				"CODE_SIGN_IDENTITY[sdk=iphoneos*]" = "iPhone Developer";
				COPY_PHASE_STRIP = NO;
				DEBUG_INFORMATION_FORMAT = dwarf;
				ENABLE_STRICT_OBJC_MSGSEND = YES;
				ENABLE_TESTABILITY = YES;
				GCC_C_LANGUAGE_STANDARD = gnu99;
				GCC_DYNAMIC_NO_PIC = NO;
				GCC_NO_COMMON_BLOCKS = YES;
				GCC_OPTIMIZATION_LEVEL = 0;
				GCC_PREPROCESSOR_DEFINITIONS = (
					"DEBUG=1",
					"$(inherited)",
				);
				GCC_WARN_64_TO_32_BIT_CONVERSION = YES;
				GCC_WARN_ABOUT_RETURN_TYPE = YES_ERROR;
				GCC_WARN_UNDECLARED_SELECTOR = YES;
				GCC_WARN_UNINITIALIZED_AUTOS = YES_AGGRESSIVE;
				GCC_WARN_UNUSED_FUNCTION = YES;
				GCC_WARN_UNUSED_VARIABLE = YES;
				IPHONEOS_DEPLOYMENT_TARGET = 9.0;
				MTL_ENABLE_DEBUG_INFO = YES;
				ONLY_ACTIVE_ARCH = YES;
				SDKROOT = iphoneos;
				SWIFT_OPTIMIZATION_LEVEL = "-Onone";
				TARGETED_DEVICE_FAMILY = "1,2";
			};
			name = Debug;
		};
		920FAD2D1C35D1C800043D16 /* Release */ = {
			isa = XCBuildConfiguration;
			buildSettings = {
				ALWAYS_SEARCH_USER_PATHS = NO;
				APPLICATION_EXTENSION_API_ONLY = NO;
				CLANG_CXX_LANGUAGE_STANDARD = "gnu++0x";
				CLANG_CXX_LIBRARY = "libc++";
				CLANG_ENABLE_MODULES = YES;
				CLANG_ENABLE_OBJC_ARC = YES;
				CLANG_WARN_BOOL_CONVERSION = YES;
				CLANG_WARN_CONSTANT_CONVERSION = YES;
				CLANG_WARN_DIRECT_OBJC_ISA_USAGE = YES_ERROR;
				CLANG_WARN_EMPTY_BODY = YES;
				CLANG_WARN_ENUM_CONVERSION = YES;
				CLANG_WARN_INT_CONVERSION = YES;
				CLANG_WARN_OBJC_ROOT_CLASS = YES_ERROR;
				CLANG_WARN_UNREACHABLE_CODE = YES;
				CLANG_WARN__DUPLICATE_METHOD_MATCH = YES;
				"CODE_SIGN_IDENTITY[sdk=iphoneos*]" = "iPhone Developer";
				COPY_PHASE_STRIP = NO;
				DEBUG_INFORMATION_FORMAT = "dwarf-with-dsym";
				ENABLE_NS_ASSERTIONS = NO;
				ENABLE_STRICT_OBJC_MSGSEND = YES;
				GCC_C_LANGUAGE_STANDARD = gnu99;
				GCC_NO_COMMON_BLOCKS = YES;
				GCC_WARN_64_TO_32_BIT_CONVERSION = YES;
				GCC_WARN_ABOUT_RETURN_TYPE = YES_ERROR;
				GCC_WARN_UNDECLARED_SELECTOR = YES;
				GCC_WARN_UNINITIALIZED_AUTOS = YES_AGGRESSIVE;
				GCC_WARN_UNUSED_FUNCTION = YES;
				GCC_WARN_UNUSED_VARIABLE = YES;
				IPHONEOS_DEPLOYMENT_TARGET = 9.0;
				MTL_ENABLE_DEBUG_INFO = NO;
				SDKROOT = iphoneos;
				TARGETED_DEVICE_FAMILY = "1,2";
				VALIDATE_PRODUCT = YES;
			};
			name = Release;
		};
		920FAD2F1C35D1C800043D16 /* Debug */ = {
			isa = XCBuildConfiguration;
			buildSettings = {
				ASSETCATALOG_COMPILER_APPICON_NAME = AppIcon;
				INFOPLIST_FILE = SwiftyHUD/Info.plist;
				LD_RUNPATH_SEARCH_PATHS = "$(inherited) @executable_path/Frameworks";
				PRODUCT_BUNDLE_IDENTIFIER = PeeJWeeJ.SwiftyHUD;
				PRODUCT_NAME = "$(TARGET_NAME)";
			};
			name = Debug;
		};
		920FAD301C35D1C800043D16 /* Release */ = {
			isa = XCBuildConfiguration;
			buildSettings = {
				ASSETCATALOG_COMPILER_APPICON_NAME = AppIcon;
				INFOPLIST_FILE = SwiftyHUD/Info.plist;
				LD_RUNPATH_SEARCH_PATHS = "$(inherited) @executable_path/Frameworks";
				PRODUCT_BUNDLE_IDENTIFIER = PeeJWeeJ.SwiftyHUD;
				PRODUCT_NAME = "$(TARGET_NAME)";
			};
			name = Release;
		};
		920FAD321C35D1C800043D16 /* Debug */ = {
			isa = XCBuildConfiguration;
			buildSettings = {
				BUNDLE_LOADER = "$(TEST_HOST)";
				INFOPLIST_FILE = SwiftyHUDTests/Info.plist;
				LD_RUNPATH_SEARCH_PATHS = "$(inherited) @executable_path/Frameworks @loader_path/Frameworks";
				PRODUCT_BUNDLE_IDENTIFIER = PeeJWeeJ.SwiftyHUDTests;
				PRODUCT_NAME = "$(TARGET_NAME)";
				TEST_HOST = "$(BUILT_PRODUCTS_DIR)/SwiftyHUD.app/SwiftyHUD";
			};
			name = Debug;
		};
		920FAD331C35D1C800043D16 /* Release */ = {
			isa = XCBuildConfiguration;
			buildSettings = {
				BUNDLE_LOADER = "$(TEST_HOST)";
				INFOPLIST_FILE = SwiftyHUDTests/Info.plist;
				LD_RUNPATH_SEARCH_PATHS = "$(inherited) @executable_path/Frameworks @loader_path/Frameworks";
				PRODUCT_BUNDLE_IDENTIFIER = PeeJWeeJ.SwiftyHUDTests;
				PRODUCT_NAME = "$(TARGET_NAME)";
				TEST_HOST = "$(BUILT_PRODUCTS_DIR)/SwiftyHUD.app/SwiftyHUD";
			};
			name = Release;
		};
		920FAD351C35D1C800043D16 /* Debug */ = {
			isa = XCBuildConfiguration;
			buildSettings = {
				INFOPLIST_FILE = SwiftyHUDUITests/Info.plist;
				LD_RUNPATH_SEARCH_PATHS = "$(inherited) @executable_path/Frameworks @loader_path/Frameworks";
				PRODUCT_BUNDLE_IDENTIFIER = PeeJWeeJ.SwiftyHUDUITests;
				PRODUCT_NAME = "$(TARGET_NAME)";
				TEST_TARGET_NAME = SwiftyHUD;
				USES_XCTRUNNER = YES;
			};
			name = Debug;
		};
		920FAD361C35D1C800043D16 /* Release */ = {
			isa = XCBuildConfiguration;
			buildSettings = {
				INFOPLIST_FILE = SwiftyHUDUITests/Info.plist;
				LD_RUNPATH_SEARCH_PATHS = "$(inherited) @executable_path/Frameworks @loader_path/Frameworks";
				PRODUCT_BUNDLE_IDENTIFIER = PeeJWeeJ.SwiftyHUDUITests;
				PRODUCT_NAME = "$(TARGET_NAME)";
				TEST_TARGET_NAME = SwiftyHUD;
				USES_XCTRUNNER = YES;
			};
			name = Release;
		};
/* End XCBuildConfiguration section */

/* Begin XCConfigurationList section */
		920FAD011C35D1C800043D16 /* Build configuration list for PBXProject "SwiftyHUD" */ = {
			isa = XCConfigurationList;
			buildConfigurations = (
				920FAD2C1C35D1C800043D16 /* Debug */,
				920FAD2D1C35D1C800043D16 /* Release */,
			);
			defaultConfigurationIsVisible = 0;
			defaultConfigurationName = Release;
		};
		920FAD2E1C35D1C800043D16 /* Build configuration list for PBXNativeTarget "SwiftyHUD" */ = {
			isa = XCConfigurationList;
			buildConfigurations = (
				920FAD2F1C35D1C800043D16 /* Debug */,
				920FAD301C35D1C800043D16 /* Release */,
			);
			defaultConfigurationIsVisible = 0;
			defaultConfigurationName = Release;
		};
		920FAD311C35D1C800043D16 /* Build configuration list for PBXNativeTarget "SwiftyHUDTests" */ = {
			isa = XCConfigurationList;
			buildConfigurations = (
				920FAD321C35D1C800043D16 /* Debug */,
				920FAD331C35D1C800043D16 /* Release */,
			);
			defaultConfigurationIsVisible = 0;
			defaultConfigurationName = Release;
		};
		920FAD341C35D1C800043D16 /* Build configuration list for PBXNativeTarget "SwiftyHUDUITests" */ = {
			isa = XCConfigurationList;
			buildConfigurations = (
				920FAD351C35D1C800043D16 /* Debug */,
				920FAD361C35D1C800043D16 /* Release */,
			);
			defaultConfigurationIsVisible = 0;
			defaultConfigurationName = Release;
		};
/* End XCConfigurationList section */
	};
	rootObject = 920FACFE1C35D1C800043D16 /* Project object */;
}
